// !$*UTF8*$!
{
	archiveVersion = 1;
	classes = {
	};
	objectVersion = 46;
	objects = {

/* Begin PBXBuildFile section */
		FEA0048C1DC6FE6E00045CD8 /* AppDelegate.swift in Sources */ = {isa = PBXBuildFile; fileRef = FEA0048B1DC6FE6E00045CD8 /* AppDelegate.swift */; };
		FEA0048E1DC6FE6E00045CD8 /* ViewController.swift in Sources */ = {isa = PBXBuildFile; fileRef = FEA0048D1DC6FE6E00045CD8 /* ViewController.swift */; };
		FEA004911DC6FE6E00045CD8 /* Main.storyboard in Resources */ = {isa = PBXBuildFile; fileRef = FEA0048F1DC6FE6E00045CD8 /* Main.storyboard */; };
		FEA004931DC6FE6E00045CD8 /* Assets.xcassets in Resources */ = {isa = PBXBuildFile; fileRef = FEA004921DC6FE6E00045CD8 /* Assets.xcassets */; };
		FEA004961DC6FE6E00045CD8 /* LaunchScreen.storyboard in Resources */ = {isa = PBXBuildFile; fileRef = FEA004941DC6FE6E00045CD8 /* LaunchScreen.storyboard */; };
/* End PBXBuildFile section */

/* Begin PBXFileReference section */
		FEA004881DC6FE6E00045CD8 /* PageAndScroll.app */ = {isa = PBXFileReference; explicitFileType = wrapper.application; includeInIndex = 0; path = PageAndScroll.app; sourceTree = BUILT_PRODUCTS_DIR; };
		FEA0048B1DC6FE6E00045CD8 /* AppDelegate.swift */ = {isa = PBXFileReference; lastKnownFileType = sourcecode.swift; path = AppDelegate.swift; sourceTree = "<group>"; };
		FEA0048D1DC6FE6E00045CD8 /* ViewController.swift */ = {isa = PBXFileReference; lastKnownFileType = sourcecode.swift; path = ViewController.swift; sourceTree = "<group>"; };
		FEA004901DC6FE6E00045CD8 /* Base */ = {isa = PBXFileReference; lastKnownFileType = file.storyboard; name = Base; path = Base.lproj/Main.storyboard; sourceTree = "<group>"; };
		FEA004921DC6FE6E00045CD8 /* Assets.xcassets */ = {isa = PBXFileReference; lastKnownFileType = folder.assetcatalog; path = Assets.xcassets; sourceTree = "<group>"; };
		FEA004951DC6FE6E00045CD8 /* Base */ = {isa = PBXFileReference; lastKnownFileType = file.storyboard; name = Base; path = Base.lproj/LaunchScreen.storyboard; sourceTree = "<group>"; };
		FEA004971DC6FE6E00045CD8 /* Info.plist */ = {isa = PBXFileReference; lastKnownFileType = text.plist.xml; path = Info.plist; sourceTree = "<group>"; };
/* End PBXFileReference section */

/* Begin PBXFrameworksBuildPhase section */
		FEA004851DC6FE6E00045CD8 /* Frameworks */ = {
			isa = PBXFrameworksBuildPhase;
			buildActionMask = 2147483647;
			files = (
			);
			runOnlyForDeploymentPostprocessing = 0;
		};
/* End PBXFrameworksBuildPhase section */

/* Begin PBXGroup section */
		FEA0047F1DC6FE6E00045CD8 = {
			isa = PBXGroup;
			children = (
				FEA0048A1DC6FE6E00045CD8 /* PageAndScroll */,
				FEA004891DC6FE6E00045CD8 /* Products */,
			);
			sourceTree = "<group>";
		};
		FEA004891DC6FE6E00045CD8 /* Products */ = {
			isa = PBXGroup;
			children = (
				FEA004881DC6FE6E00045CD8 /* PageAndScroll.app */,
			);
			name = Products;
			sourceTree = "<group>";
		};
		FEA0048A1DC6FE6E00045CD8 /* PageAndScroll */ = {
			isa = PBXGroup;
			children = (
				FEA0048B1DC6FE6E00045CD8 /* AppDelegate.swift */,
				FEA0048D1DC6FE6E00045CD8 /* ViewController.swift */,
				FEA0048F1DC6FE6E00045CD8 /* Main.storyboard */,
				FEA004921DC6FE6E00045CD8 /* Assets.xcassets */,
				FEA004941DC6FE6E00045CD8 /* LaunchScreen.storyboard */,
				FEA004971DC6FE6E00045CD8 /* Info.plist */,
			);
			path = PageAndScroll;
			sourceTree = "<group>";
		};
/* End PBXGroup section */

/* Begin PBXNativeTarget section */
		FEA004871DC6FE6E00045CD8 /* PageAndScroll */ = {
			isa = PBXNativeTarget;
			buildConfigurationList = FEA0049A1DC6FE6E00045CD8 /* Build configuration list for PBXNativeTarget "PageAndScroll" */;
			buildPhases = (
				FEA004841DC6FE6E00045CD8 /* Sources */,
				FEA004851DC6FE6E00045CD8 /* Frameworks */,
				FEA004861DC6FE6E00045CD8 /* Resources */,
			);
			buildRules = (
			);
			dependencies = (
			);
			name = PageAndScroll;
			productName = PageAndScroll;
			productReference = FEA004881DC6FE6E00045CD8 /* PageAndScroll.app */;
			productType = "com.apple.product-type.application";
		};
/* End PBXNativeTarget section */

/* Begin PBXProject section */
		FEA004801DC6FE6E00045CD8 /* Project object */ = {
			isa = PBXProject;
			attributes = {
				LastSwiftUpdateCheck = 0810;
				LastUpgradeCheck = 0810;
				ORGANIZATIONNAME = PomHaffs;
				TargetAttributes = {
					FEA004871DC6FE6E00045CD8 = {
						CreatedOnToolsVersion = 8.1;
						DevelopmentTeam = KDG44MVL2D;
						ProvisioningStyle = Automatic;
					};
				};
			};
			buildConfigurationList = FEA004831DC6FE6E00045CD8 /* Build configuration list for PBXProject "PageAndScroll" */;
			compatibilityVersion = "Xcode 3.2";
			developmentRegion = English;
			hasScannedForEncodings = 0;
			knownRegions = (
				en,
				Base,
			);
			mainGroup = FEA0047F1DC6FE6E00045CD8;
			productRefGroup = FEA004891DC6FE6E00045CD8 /* Products */;
			projectDirPath = "";
			projectRoot = "";
			targets = (
				FEA004871DC6FE6E00045CD8 /* PageAndScroll */,
			);
		};
/* End PBXProject section */

/* Begin PBXResourcesBuildPhase section */
		FEA004861DC6FE6E00045CD8 /* Resources */ = {
			isa = PBXResourcesBuildPhase;
			buildActionMask = 2147483647;
			files = (
				FEA004961DC6FE6E00045CD8 /* LaunchScreen.storyboard in Resources */,
				FEA004931DC6FE6E00045CD8 /* Assets.xcassets in Resources */,
				FEA004911DC6FE6E00045CD8 /* Main.storyboard in Resources */,
			);
			runOnlyForDeploymentPostprocessing = 0;
		};
/* End PBXResourcesBuildPhase section */

/* Begin PBXSourcesBuildPhase section */
		FEA004841DC6FE6E00045CD8 /* Sources */ = {
			isa = PBXSourcesBuildPhase;
			buildActionMask = 2147483647;
			files = (
				FEA0048E1DC6FE6E00045CD8 /* ViewController.swift in Sources */,
				FEA0048C1DC6FE6E00045CD8 /* AppDelegate.swift in Sources */,
			);
			runOnlyForDeploymentPostprocessing = 0;
		};
/* End PBXSourcesBuildPhase section */

/* Begin PBXVariantGroup section */
		FEA0048F1DC6FE6E00045CD8 /* Main.storyboard */ = {
			isa = PBXVariantGroup;
			children = (
				FEA004901DC6FE6E00045CD8 /* Base */,
			);
			name = Main.storyboard;
			sourceTree = "<group>";
		};
		FEA004941DC6FE6E00045CD8 /* LaunchScreen.storyboard */ = {
			isa = PBXVariantGroup;
			children = (
				FEA004951DC6FE6E00045CD8 /* Base */,
			);
			name = LaunchScreen.storyboard;
			sourceTree = "<group>";
		};
/* End PBXVariantGroup section */

/* Begin XCBuildConfiguration section */
		FEA004981DC6FE6E00045CD8 /* Debug */ = {
			isa = XCBuildConfiguration;
			buildSettings = {
				ALWAYS_SEARCH_USER_PATHS = NO;
				CLANG_ANALYZER_NONNULL = YES;
				CLANG_CXX_LANGUAGE_STANDARD = "gnu++0x";
				CLANG_CXX_LIBRARY = "libc++";
				CLANG_ENABLE_MODULES = YES;
				CLANG_ENABLE_OBJC_ARC = YES;
				CLANG_WARN_BOOL_CONVERSION = YES;
				CLANG_WARN_CONSTANT_CONVERSION = YES;
				CLANG_WARN_DIRECT_OBJC_ISA_USAGE = YES_ERROR;
				CLANG_WARN_DOCUMENTATION_COMMENTS = YES;
				CLANG_WARN_EMPTY_BODY = YES;
				CLANG_WARN_ENUM_CONVERSION = YES;
				CLANG_WARN_INFINITE_RECURSION = YES;
				CLANG_WARN_INT_CONVERSION = YES;
				CLANG_WARN_OBJC_ROOT_CLASS = YES_ERROR;
				CLANG_WARN_SUSPICIOUS_MOVES = YES;
				CLANG_WARN_UNREACHABLE_CODE = YES;
				CLANG_WARN__DUPLICATE_METHOD_MATCH = YES;
				"CODE_SIGN_IDENTITY[sdk=iphoneos*]" = "iPhone Developer";
				COPY_PHASE_STRIP = NO;
				DEBUG_INFORMATION_FORMAT = dwarf;
				ENABLE_STRICT_OBJC_MSGSEND = YES;
				ENABLE_TESTABILITY = YES;
				GCC_C_LANGUAGE_STANDARD = gnu99;
				GCC_DYNAMIC_NO_PIC = NO;
				GCC_NO_COMMON_BLOCKS = YES;
				GCC_OPTIMIZATION_LEVEL = 0;
				GCC_PREPROCESSOR_DEFINITIONS = (
					"DEBUG=1",
					"$(inherited)",
				);
				GCC_WARN_64_TO_32_BIT_CONVERSION = YES;
				GCC_WARN_ABOUT_RETURN_TYPE = YES_ERROR;
				GCC_WARN_UNDECLARED_SELECTOR = YES;
				GCC_WARN_UNINITIALIZED_AUTOS = YES_AGGRESSIVE;
				GCC_WARN_UNUSED_FUNCTION = YES;
				GCC_WARN_UNUSED_VARIABLE = YES;
				IPHONEOS_DEPLOYMENT_TARGET = 10.1;
				MTL_ENABLE_DEBUG_INFO = YES;
				ONLY_ACTIVE_ARCH = YES;
				SDKROOT = iphoneos;
				SWIFT_ACTIVE_COMPILATION_CONDITIONS = DEBUG;
				SWIFT_OPTIMIZATION_LEVEL = "-Onone";
				TARGETED_DEVICE_FAMILY = "1,2";
			};
			name = Debug;
		};
		FEA004991DC6FE6E00045CD8 /* Release */ = {
			isa = XCBuildConfiguration;
			buildSettings = {
				ALWAYS_SEARCH_USER_PATHS = NO;
				CLANG_ANALYZER_NONNULL = YES;
				CLANG_CXX_LANGUAGE_STANDARD = "gnu++0x";
				CLANG_CXX_LIBRARY = "libc++";
				CLANG_ENABLE_MODULES = YES;
				CLANG_ENABLE_OBJC_ARC = YES;
				CLANG_WARN_BOOL_CONVERSION = YES;
				CLANG_WARN_CONSTANT_CONVERSION = YES;
				CLANG_WARN_DIRECT_OBJC_ISA_USAGE = YES_ERROR;
				CLANG_WARN_DOCUMENTATION_COMMENTS = YES;
				CLANG_WARN_EMPTY_BODY = YES;
				CLANG_WARN_ENUM_CONVERSION = YES;
				CLANG_WARN_INFINITE_RECURSION = YES;
				CLANG_WARN_INT_CONVERSION = YES;
				CLANG_WARN_OBJC_ROOT_CLASS = YES_ERROR;
				CLANG_WARN_SUSPICIOUS_MOVES = YES;
				CLANG_WARN_UNREACHABLE_CODE = YES;
				CLANG_WARN__DUPLICATE_METHOD_MATCH = YES;
				"CODE_SIGN_IDENTITY[sdk=iphoneos*]" = "iPhone Developer";
				COPY_PHASE_STRIP = NO;
				DEBUG_INFORMATION_FORMAT = "dwarf-with-dsym";
				ENABLE_NS_ASSERTIONS = NO;
				ENABLE_STRICT_OBJC_MSGSEND = YES;
				GCC_C_LANGUAGE_STANDARD = gnu99;
				GCC_NO_COMMON_BLOCKS = YES;
				GCC_WARN_64_TO_32_BIT_CONVERSION = YES;
				GCC_WARN_ABOUT_RETURN_TYPE = YES_ERROR;
				GCC_WARN_UNDECLARED_SELECTOR = YES;
				GCC_WARN_UNINITIALIZED_AUTOS = YES_AGGRESSIVE;
				GCC_WARN_UNUSED_FUNCTION = YES;
				GCC_WARN_UNUSED_VARIABLE = YES;
				IPHONEOS_DEPLOYMENT_TARGET = 10.1;
				MTL_ENABLE_DEBUG_INFO = NO;
				SDKROOT = iphoneos;
				SWIFT_OPTIMIZATION_LEVEL = "-Owholemodule";
				TARGETED_DEVICE_FAMILY = "1,2";
				VALIDATE_PRODUCT = YES;
			};
			name = Release;
		};
		FEA0049B1DC6FE6E00045CD8 /* Debug */ = {
			isa = XCBuildConfiguration;
			buildSettings = {
				ASSETCATALOG_COMPILER_APPICON_NAME = AppIcon;
				DEVELOPMENT_TEAM = KDG44MVL2D;
				INFOPLIST_FILE = PageAndScroll/Info.plist;
				LD_RUNPATH_SEARCH_PATHS = "$(inherited) @executable_path/Frameworks";
				PRODUCT_BUNDLE_IDENTIFIER = PomHaffs.PageAndScroll;
				PRODUCT_NAME = "$(TARGET_NAME)";
				SWIFT_VERSION = 3.0;
			};
			name = Debug;
		};
		FEA0049C1DC6FE6E00045CD8 /* Release */ = {
			isa = XCBuildConfiguration;
			buildSettings = {
				ASSETCATALOG_COMPILER_APPICON_NAME = AppIcon;
				DEVELOPMENT_TEAM = KDG44MVL2D;
				INFOPLIST_FILE = PageAndScroll/Info.plist;
				LD_RUNPATH_SEARCH_PATHS = "$(inherited) @executable_path/Frameworks";
				PRODUCT_BUNDLE_IDENTIFIER = PomHaffs.PageAndScroll;
				PRODUCT_NAME = "$(TARGET_NAME)";
				SWIFT_VERSION = 3.0;
			};
			name = Release;
		};
/* End XCBuildConfiguration section */

/* Begin XCConfigurationList section */
		FEA004831DC6FE6E00045CD8 /* Build configuration list for PBXProject "PageAndScroll" */ = {
			isa = XCConfigurationList;
			buildConfigurations = (
				FEA004981DC6FE6E00045CD8 /* Debug */,
				FEA004991DC6FE6E00045CD8 /* Release */,
			);
			defaultConfigurationIsVisible = 0;
			defaultConfigurationName = Release;
		};
		FEA0049A1DC6FE6E00045CD8 /* Build configuration list for PBXNativeTarget "PageAndScroll" */ = {
			isa = XCConfigurationList;
			buildConfigurations = (
				FEA0049B1DC6FE6E00045CD8 /* Debug */,
				FEA0049C1DC6FE6E00045CD8 /* Release */,
			);
			defaultConfigurationIsVisible = 0;
		};
/* End XCConfigurationList section */
	};
	rootObject = FEA004801DC6FE6E00045CD8 /* Project object */;
}
